
Microsoft Visual Studio Solution File, Format Version 12.00
# Visual Studio Version 16
VisualStudioVersion = 16.0.29418.71
MinimumVisualStudioVersion = 10.0.40219.1
Project("{FAE04EC0-301F-11D3-BF4B-00C04F79EFBC}") = "SharpShot", "SharpShot.csproj", "{057AEF75-861B-4E4B-A372-CFBD8322C8E1}"
EndProject
Global
	GlobalSection(SolutionConfigurationPlatforms) = preSolution
		Debug|Any CPU = Debug|Any CPU
		Release|Any CPU = Release|Any CPU
	EndGlobalSection
	GlobalSection(ProjectConfigurationPlatforms) = postSolution
		{057AEF75-861B-4E4B-A372-CFBD8322C8E1}.Debug|Any CPU.ActiveCfg = Debug|Any CPU
		{057AEF75-861B-4E4B-A372-CFBD8322C8E1}.Debug|Any CPU.Build.0 = Debug|Any CPU
		{057AEF75-861B-4E4B-A372-CFBD8322C8E1}.Release|Any CPU.ActiveCfg = Release|Any CPU
		{057AEF75-861B-4E4B-A372-CFBD8322C8E1}.Release|Any CPU.Build.0 = Release|Any CPU
	EndGlobalSection
	GlobalSection(SolutionProperties) = preSolution
		HideSolutionNode = FALSE
	EndGlobalSection
	GlobalSection(ExtensibilityGlobals) = postSolution
		SolutionGuid = {6947A2AC-C312-4E41-A0B3-8F003102D3A0}
	EndGlobalSection
EndGlobal
